// !$*UTF8*$!
{
	archiveVersion = 1;
	classes = {
	};
	objectVersion = 50;
	objects = {

/* Begin PBXBuildFile section */
		ED07EB5221905AB20057800A /* inputController.swift in Sources */ = {isa = PBXBuildFile; fileRef = ED07EB5121905AB20057800A /* inputController.swift */; };
		ED4699DB2158EBE9008BA35B /* AppDelegate.swift in Sources */ = {isa = PBXBuildFile; fileRef = ED4699DA2158EBE9008BA35B /* AppDelegate.swift */; };
		ED4699DD2158EBE9008BA35B /* ViewController.swift in Sources */ = {isa = PBXBuildFile; fileRef = ED4699DC2158EBE9008BA35B /* ViewController.swift */; };
		ED4699E02158EBE9008BA35B /* Main.storyboard in Resources */ = {isa = PBXBuildFile; fileRef = ED4699DE2158EBE9008BA35B /* Main.storyboard */; };
		ED4699E22158EBEB008BA35B /* Assets.xcassets in Resources */ = {isa = PBXBuildFile; fileRef = ED4699E12158EBEB008BA35B /* Assets.xcassets */; };
		ED4699E52158EBEB008BA35B /* LaunchScreen.storyboard in Resources */ = {isa = PBXBuildFile; fileRef = ED4699E32158EBEB008BA35B /* LaunchScreen.storyboard */; };
		ED4699EA2158EBEB008BA35B /* PseudoWeb WatchKit App.app in Embed Watch Content */ = {isa = PBXBuildFile; fileRef = ED4699E92158EBEB008BA35B /* PseudoWeb WatchKit App.app */; };
		ED4699F02158EBEB008BA35B /* Interface.storyboard in Resources */ = {isa = PBXBuildFile; fileRef = ED4699EE2158EBEB008BA35B /* Interface.storyboard */; };
		ED4699F22158EBEB008BA35B /* Assets.xcassets in Resources */ = {isa = PBXBuildFile; fileRef = ED4699F12158EBEB008BA35B /* Assets.xcassets */; };
		ED4699F92158EBEB008BA35B /* PseudoWeb WatchKit Extension.appex in Embed App Extensions */ = {isa = PBXBuildFile; fileRef = ED4699F82158EBEB008BA35B /* PseudoWeb WatchKit Extension.appex */; settings = {ATTRIBUTES = (RemoveHeadersOnCopy, ); }; };
		ED4699FE2158EBEB008BA35B /* InterfaceController.swift in Sources */ = {isa = PBXBuildFile; fileRef = ED4699FD2158EBEB008BA35B /* InterfaceController.swift */; };
		ED469A002158EBEB008BA35B /* ExtensionDelegate.swift in Sources */ = {isa = PBXBuildFile; fileRef = ED4699FF2158EBEB008BA35B /* ExtensionDelegate.swift */; };
		ED469A022158EBEB008BA35B /* NotificationController.swift in Sources */ = {isa = PBXBuildFile; fileRef = ED469A012158EBEB008BA35B /* NotificationController.swift */; };
		ED469A042158EBEC008BA35B /* Assets.xcassets in Resources */ = {isa = PBXBuildFile; fileRef = ED469A032158EBEC008BA35B /* Assets.xcassets */; };
		ED5CAD0A21590F5B00F9AA46 /* LinkCell.swift in Sources */ = {isa = PBXBuildFile; fileRef = ED5CAD0921590F5B00F9AA46 /* LinkCell.swift */; };
		ED710B0B2193B0910095B601 /* ElementType.swift in Sources */ = {isa = PBXBuildFile; fileRef = ED710B0A2193B0910095B601 /* ElementType.swift */; };
		ED710B0D2193B09F0095B601 /* Image.swift in Sources */ = {isa = PBXBuildFile; fileRef = ED710B0C2193B09F0095B601 /* Image.swift */; };
		ED710B0F2193B0A90095B601 /* Link.swift in Sources */ = {isa = PBXBuildFile; fileRef = ED710B0E2193B0A90095B601 /* Link.swift */; };
		ED710B112193B0B40095B601 /* ElementObject.swift in Sources */ = {isa = PBXBuildFile; fileRef = ED710B102193B0B40095B601 /* ElementObject.swift */; };
		ED710B152193B19F0095B601 /* Text.swift in Sources */ = {isa = PBXBuildFile; fileRef = ED710B142193B19F0095B601 /* Text.swift */; };
		EDB91CF22158F42D00967A10 /* ImageCell.swift in Sources */ = {isa = PBXBuildFile; fileRef = EDB91CF02158EDCE00967A10 /* ImageCell.swift */; };
		EDB91CF32158F43000967A10 /* TextCell.swift in Sources */ = {isa = PBXBuildFile; fileRef = EDB91CEC2158ED4400967A10 /* TextCell.swift */; };
		EDBFCBE421950F5F00815080 /* TestHtml.html in Resources */ = {isa = PBXBuildFile; fileRef = EDBFCBE321950F5F00815080 /* TestHtml.html */; };
		F7338F53E85E62657CAD3F32 /* Pods_PseudoWeb_WatchKit_App.framework in Frameworks */ = {isa = PBXBuildFile; fileRef = 7DD2FA71CB6C0B017BE01F76 /* Pods_PseudoWeb_WatchKit_App.framework */; };
		FD248DAA8745C796D076A126 /* Pods_PseudoWeb.framework in Frameworks */ = {isa = PBXBuildFile; fileRef = AE6AE33036EA377FBDF98C29 /* Pods_PseudoWeb.framework */; };
		FF43B162D2E0AF3BAAD121C1 /* Pods_PseudoWeb_WatchKit_Extension.framework in Frameworks */ = {isa = PBXBuildFile; fileRef = B0E53A6E91BD35EDDEA956C8 /* Pods_PseudoWeb_WatchKit_Extension.framework */; };
/* End PBXBuildFile section */

/* Begin PBXContainerItemProxy section */
		ED4699EB2158EBEB008BA35B /* PBXContainerItemProxy */ = {
			isa = PBXContainerItemProxy;
			containerPortal = ED4699CF2158EBE9008BA35B /* Project object */;
			proxyType = 1;
			remoteGlobalIDString = ED4699E82158EBEB008BA35B;
			remoteInfo = "PseudoWeb WatchKit App";
		};
		ED4699FA2158EBEB008BA35B /* PBXContainerItemProxy */ = {
			isa = PBXContainerItemProxy;
			containerPortal = ED4699CF2158EBE9008BA35B /* Project object */;
			proxyType = 1;
			remoteGlobalIDString = ED4699F72158EBEB008BA35B;
			remoteInfo = "PseudoWeb WatchKit Extension";
		};
/* End PBXContainerItemProxy section */

/* Begin PBXCopyFilesBuildPhase section */
		ED469A0C2158EBEC008BA35B /* Embed App Extensions */ = {
			isa = PBXCopyFilesBuildPhase;
			buildActionMask = 2147483647;
			dstPath = "";
			dstSubfolderSpec = 13;
			files = (
				ED4699F92158EBEB008BA35B /* PseudoWeb WatchKit Extension.appex in Embed App Extensions */,
			);
			name = "Embed App Extensions";
			runOnlyForDeploymentPostprocessing = 0;
		};
		ED469A102158EBEC008BA35B /* Embed Watch Content */ = {
			isa = PBXCopyFilesBuildPhase;
			buildActionMask = 2147483647;
			dstPath = "$(CONTENTS_FOLDER_PATH)/Watch";
			dstSubfolderSpec = 16;
			files = (
				ED4699EA2158EBEB008BA35B /* PseudoWeb WatchKit App.app in Embed Watch Content */,
			);
			name = "Embed Watch Content";
			runOnlyForDeploymentPostprocessing = 0;
		};
/* End PBXCopyFilesBuildPhase section */

/* Begin PBXFileReference section */
		04F9DD21ABDA06D43659707C /* Pods-PseudoWeb.debug.xcconfig */ = {isa = PBXFileReference; includeInIndex = 1; lastKnownFileType = text.xcconfig; name = "Pods-PseudoWeb.debug.xcconfig"; path = "Pods/Target Support Files/Pods-PseudoWeb/Pods-PseudoWeb.debug.xcconfig"; sourceTree = "<group>"; };
		7DD2FA71CB6C0B017BE01F76 /* Pods_PseudoWeb_WatchKit_App.framework */ = {isa = PBXFileReference; explicitFileType = wrapper.framework; includeInIndex = 0; path = Pods_PseudoWeb_WatchKit_App.framework; sourceTree = BUILT_PRODUCTS_DIR; };
		8DD72FD139F6AE00C9183F5C /* Pods-PseudoWeb WatchKit App.debug.xcconfig */ = {isa = PBXFileReference; includeInIndex = 1; lastKnownFileType = text.xcconfig; name = "Pods-PseudoWeb WatchKit App.debug.xcconfig"; path = "Pods/Target Support Files/Pods-PseudoWeb WatchKit App/Pods-PseudoWeb WatchKit App.debug.xcconfig"; sourceTree = "<group>"; };
		969ED7FAB69C4A5F7D3FDBD7 /* Pods-PseudoWeb WatchKit Extension.release.xcconfig */ = {isa = PBXFileReference; includeInIndex = 1; lastKnownFileType = text.xcconfig; name = "Pods-PseudoWeb WatchKit Extension.release.xcconfig"; path = "Pods/Target Support Files/Pods-PseudoWeb WatchKit Extension/Pods-PseudoWeb WatchKit Extension.release.xcconfig"; sourceTree = "<group>"; };
		AE6AE33036EA377FBDF98C29 /* Pods_PseudoWeb.framework */ = {isa = PBXFileReference; explicitFileType = wrapper.framework; includeInIndex = 0; path = Pods_PseudoWeb.framework; sourceTree = BUILT_PRODUCTS_DIR; };
		B0E53A6E91BD35EDDEA956C8 /* Pods_PseudoWeb_WatchKit_Extension.framework */ = {isa = PBXFileReference; explicitFileType = wrapper.framework; includeInIndex = 0; path = Pods_PseudoWeb_WatchKit_Extension.framework; sourceTree = BUILT_PRODUCTS_DIR; };
		D3B6640C32BD3D8578B41E45 /* Pods-PseudoWeb WatchKit App.release.xcconfig */ = {isa = PBXFileReference; includeInIndex = 1; lastKnownFileType = text.xcconfig; name = "Pods-PseudoWeb WatchKit App.release.xcconfig"; path = "Pods/Target Support Files/Pods-PseudoWeb WatchKit App/Pods-PseudoWeb WatchKit App.release.xcconfig"; sourceTree = "<group>"; };
		E28E7592959C10AFD89FA491 /* Pods-PseudoWeb.release.xcconfig */ = {isa = PBXFileReference; includeInIndex = 1; lastKnownFileType = text.xcconfig; name = "Pods-PseudoWeb.release.xcconfig"; path = "Pods/Target Support Files/Pods-PseudoWeb/Pods-PseudoWeb.release.xcconfig"; sourceTree = "<group>"; };
		ED07EB5121905AB20057800A /* inputController.swift */ = {isa = PBXFileReference; lastKnownFileType = sourcecode.swift; path = inputController.swift; sourceTree = "<group>"; };
		ED4699D72158EBE9008BA35B /* PseudoWeb.app */ = {isa = PBXFileReference; explicitFileType = wrapper.application; includeInIndex = 0; path = PseudoWeb.app; sourceTree = BUILT_PRODUCTS_DIR; };
		ED4699DA2158EBE9008BA35B /* AppDelegate.swift */ = {isa = PBXFileReference; lastKnownFileType = sourcecode.swift; path = AppDelegate.swift; sourceTree = "<group>"; };
		ED4699DC2158EBE9008BA35B /* ViewController.swift */ = {isa = PBXFileReference; lastKnownFileType = sourcecode.swift; path = ViewController.swift; sourceTree = "<group>"; };
		ED4699DF2158EBE9008BA35B /* Base */ = {isa = PBXFileReference; lastKnownFileType = file.storyboard; name = Base; path = Base.lproj/Main.storyboard; sourceTree = "<group>"; };
		ED4699E12158EBEB008BA35B /* Assets.xcassets */ = {isa = PBXFileReference; lastKnownFileType = folder.assetcatalog; path = Assets.xcassets; sourceTree = "<group>"; };
		ED4699E42158EBEB008BA35B /* Base */ = {isa = PBXFileReference; lastKnownFileType = file.storyboard; name = Base; path = Base.lproj/LaunchScreen.storyboard; sourceTree = "<group>"; };
		ED4699E62158EBEB008BA35B /* Info.plist */ = {isa = PBXFileReference; lastKnownFileType = text.plist.xml; path = Info.plist; sourceTree = "<group>"; };
		ED4699E92158EBEB008BA35B /* PseudoWeb WatchKit App.app */ = {isa = PBXFileReference; explicitFileType = wrapper.application; includeInIndex = 0; path = "PseudoWeb WatchKit App.app"; sourceTree = BUILT_PRODUCTS_DIR; };
		ED4699EF2158EBEB008BA35B /* Base */ = {isa = PBXFileReference; lastKnownFileType = file.storyboard; name = Base; path = Base.lproj/Interface.storyboard; sourceTree = "<group>"; };
		ED4699F12158EBEB008BA35B /* Assets.xcassets */ = {isa = PBXFileReference; lastKnownFileType = folder.assetcatalog; path = Assets.xcassets; sourceTree = "<group>"; };
		ED4699F32158EBEB008BA35B /* Info.plist */ = {isa = PBXFileReference; lastKnownFileType = text.plist.xml; path = Info.plist; sourceTree = "<group>"; };
		ED4699F82158EBEB008BA35B /* PseudoWeb WatchKit Extension.appex */ = {isa = PBXFileReference; explicitFileType = "wrapper.app-extension"; includeInIndex = 0; path = "PseudoWeb WatchKit Extension.appex"; sourceTree = BUILT_PRODUCTS_DIR; };
		ED4699FD2158EBEB008BA35B /* InterfaceController.swift */ = {isa = PBXFileReference; lastKnownFileType = sourcecode.swift; path = InterfaceController.swift; sourceTree = "<group>"; };
		ED4699FF2158EBEB008BA35B /* ExtensionDelegate.swift */ = {isa = PBXFileReference; lastKnownFileType = sourcecode.swift; path = ExtensionDelegate.swift; sourceTree = "<group>"; };
		ED469A012158EBEB008BA35B /* NotificationController.swift */ = {isa = PBXFileReference; lastKnownFileType = sourcecode.swift; path = NotificationController.swift; sourceTree = "<group>"; };
		ED469A032158EBEC008BA35B /* Assets.xcassets */ = {isa = PBXFileReference; lastKnownFileType = folder.assetcatalog; path = Assets.xcassets; sourceTree = "<group>"; };
		ED469A052158EBEC008BA35B /* Info.plist */ = {isa = PBXFileReference; lastKnownFileType = text.plist.xml; path = Info.plist; sourceTree = "<group>"; };
		ED469A062158EBEC008BA35B /* PushNotificationPayload.apns */ = {isa = PBXFileReference; lastKnownFileType = text; path = PushNotificationPayload.apns; sourceTree = "<group>"; };
		ED5CAD0921590F5B00F9AA46 /* LinkCell.swift */ = {isa = PBXFileReference; lastKnownFileType = sourcecode.swift; path = LinkCell.swift; sourceTree = "<group>"; };
		ED710B0A2193B0910095B601 /* ElementType.swift */ = {isa = PBXFileReference; lastKnownFileType = sourcecode.swift; path = ElementType.swift; sourceTree = "<group>"; };
		ED710B0C2193B09F0095B601 /* Image.swift */ = {isa = PBXFileReference; lastKnownFileType = sourcecode.swift; path = Image.swift; sourceTree = "<group>"; };
		ED710B0E2193B0A90095B601 /* Link.swift */ = {isa = PBXFileReference; lastKnownFileType = sourcecode.swift; path = Link.swift; sourceTree = "<group>"; };
		ED710B102193B0B40095B601 /* ElementObject.swift */ = {isa = PBXFileReference; lastKnownFileType = sourcecode.swift; path = ElementObject.swift; sourceTree = "<group>"; };
		ED710B142193B19F0095B601 /* Text.swift */ = {isa = PBXFileReference; lastKnownFileType = sourcecode.swift; path = Text.swift; sourceTree = "<group>"; };
		EDB91CEC2158ED4400967A10 /* TextCell.swift */ = {isa = PBXFileReference; lastKnownFileType = sourcecode.swift; path = TextCell.swift; sourceTree = "<group>"; };
		EDB91CF02158EDCE00967A10 /* ImageCell.swift */ = {isa = PBXFileReference; lastKnownFileType = sourcecode.swift; path = ImageCell.swift; sourceTree = "<group>"; };
		EDBFCBE321950F5F00815080 /* TestHtml.html */ = {isa = PBXFileReference; fileEncoding = 4; lastKnownFileType = text.html; path = TestHtml.html; sourceTree = "<group>"; };
		FC677E284558EA70BECD325E /* Pods-PseudoWeb WatchKit Extension.debug.xcconfig */ = {isa = PBXFileReference; includeInIndex = 1; lastKnownFileType = text.xcconfig; name = "Pods-PseudoWeb WatchKit Extension.debug.xcconfig"; path = "Pods/Target Support Files/Pods-PseudoWeb WatchKit Extension/Pods-PseudoWeb WatchKit Extension.debug.xcconfig"; sourceTree = "<group>"; };
/* End PBXFileReference section */

/* Begin PBXFrameworksBuildPhase section */
		ED4699D42158EBE9008BA35B /* Frameworks */ = {
			isa = PBXFrameworksBuildPhase;
			buildActionMask = 2147483647;
			files = (
				FD248DAA8745C796D076A126 /* Pods_PseudoWeb.framework in Frameworks */,
			);
			runOnlyForDeploymentPostprocessing = 0;
		};
		ED4699F52158EBEB008BA35B /* Frameworks */ = {
			isa = PBXFrameworksBuildPhase;
			buildActionMask = 2147483647;
			files = (
				FF43B162D2E0AF3BAAD121C1 /* Pods_PseudoWeb_WatchKit_Extension.framework in Frameworks */,
			);
			runOnlyForDeploymentPostprocessing = 0;
		};
		FA5226877D49B87463FE3C3B /* Frameworks */ = {
			isa = PBXFrameworksBuildPhase;
			buildActionMask = 2147483647;
			files = (
				F7338F53E85E62657CAD3F32 /* Pods_PseudoWeb_WatchKit_App.framework in Frameworks */,
			);
			runOnlyForDeploymentPostprocessing = 0;
		};
/* End PBXFrameworksBuildPhase section */

/* Begin PBXGroup section */
		5D7B48352F443929BB185726 /* Frameworks */ = {
			isa = PBXGroup;
			children = (
				AE6AE33036EA377FBDF98C29 /* Pods_PseudoWeb.framework */,
				7DD2FA71CB6C0B017BE01F76 /* Pods_PseudoWeb_WatchKit_App.framework */,
				B0E53A6E91BD35EDDEA956C8 /* Pods_PseudoWeb_WatchKit_Extension.framework */,
			);
			name = Frameworks;
			sourceTree = "<group>";
		};
		8CD5D07D8BEE0FC36B9D911B /* Pods */ = {
			isa = PBXGroup;
			children = (
				04F9DD21ABDA06D43659707C /* Pods-PseudoWeb.debug.xcconfig */,
				E28E7592959C10AFD89FA491 /* Pods-PseudoWeb.release.xcconfig */,
				8DD72FD139F6AE00C9183F5C /* Pods-PseudoWeb WatchKit App.debug.xcconfig */,
				D3B6640C32BD3D8578B41E45 /* Pods-PseudoWeb WatchKit App.release.xcconfig */,
				FC677E284558EA70BECD325E /* Pods-PseudoWeb WatchKit Extension.debug.xcconfig */,
				969ED7FAB69C4A5F7D3FDBD7 /* Pods-PseudoWeb WatchKit Extension.release.xcconfig */,
			);
			name = Pods;
			sourceTree = "<group>";
		};
		ED4699CE2158EBE9008BA35B = {
			isa = PBXGroup;
			children = (
				ED4699D92158EBE9008BA35B /* PseudoWeb */,
				ED4699ED2158EBEB008BA35B /* PseudoWeb WatchKit App */,
				ED4699FC2158EBEB008BA35B /* PseudoWeb WatchKit Extension */,
				ED4699D82158EBE9008BA35B /* Products */,
				8CD5D07D8BEE0FC36B9D911B /* Pods */,
				5D7B48352F443929BB185726 /* Frameworks */,
			);
			sourceTree = "<group>";
		};
		ED4699D82158EBE9008BA35B /* Products */ = {
			isa = PBXGroup;
			children = (
				ED4699D72158EBE9008BA35B /* PseudoWeb.app */,
				ED4699E92158EBEB008BA35B /* PseudoWeb WatchKit App.app */,
				ED4699F82158EBEB008BA35B /* PseudoWeb WatchKit Extension.appex */,
			);
			name = Products;
			sourceTree = "<group>";
		};
		ED4699D92158EBE9008BA35B /* PseudoWeb */ = {
			isa = PBXGroup;
			children = (
				ED4699DA2158EBE9008BA35B /* AppDelegate.swift */,
				ED4699DC2158EBE9008BA35B /* ViewController.swift */,
				ED4699DE2158EBE9008BA35B /* Main.storyboard */,
				ED4699E12158EBEB008BA35B /* Assets.xcassets */,
				ED4699E32158EBEB008BA35B /* LaunchScreen.storyboard */,
				ED4699E62158EBEB008BA35B /* Info.plist */,
			);
			path = PseudoWeb;
			sourceTree = "<group>";
		};
		ED4699ED2158EBEB008BA35B /* PseudoWeb WatchKit App */ = {
			isa = PBXGroup;
			children = (
				ED5CAD0921590F5B00F9AA46 /* LinkCell.swift */,
				ED4699EE2158EBEB008BA35B /* Interface.storyboard */,
				EDB91CEC2158ED4400967A10 /* TextCell.swift */,
				EDB91CF02158EDCE00967A10 /* ImageCell.swift */,
				ED4699F12158EBEB008BA35B /* Assets.xcassets */,
				ED4699F32158EBEB008BA35B /* Info.plist */,
			);
			path = "PseudoWeb WatchKit App";
			sourceTree = "<group>";
		};
		ED4699FC2158EBEB008BA35B /* PseudoWeb WatchKit Extension */ = {
			isa = PBXGroup;
			children = (
				ED710B142193B19F0095B601 /* Text.swift */,
				ED710B0A2193B0910095B601 /* ElementType.swift */,
				ED710B0C2193B09F0095B601 /* Image.swift */,
				ED710B0E2193B0A90095B601 /* Link.swift */,
				ED710B102193B0B40095B601 /* ElementObject.swift */,
				ED07EB5121905AB20057800A /* inputController.swift */,
				ED4699FD2158EBEB008BA35B /* InterfaceController.swift */,
				ED4699FF2158EBEB008BA35B /* ExtensionDelegate.swift */,
				ED469A012158EBEB008BA35B /* NotificationController.swift */,
				EDBFCBE321950F5F00815080 /* TestHtml.html */,
				ED469A032158EBEC008BA35B /* Assets.xcassets */,
				ED469A052158EBEC008BA35B /* Info.plist */,
				ED469A062158EBEC008BA35B /* PushNotificationPayload.apns */,
			);
			path = "PseudoWeb WatchKit Extension";
			sourceTree = "<group>";
		};
/* End PBXGroup section */

/* Begin PBXNativeTarget section */
		ED4699D62158EBE9008BA35B /* PseudoWeb */ = {
			isa = PBXNativeTarget;
			buildConfigurationList = ED469A112158EBEC008BA35B /* Build configuration list for PBXNativeTarget "PseudoWeb" */;
			buildPhases = (
				60606FC047154E928AC5885D /* [CP] Check Pods Manifest.lock */,
				ED4699D32158EBE9008BA35B /* Sources */,
				ED4699D42158EBE9008BA35B /* Frameworks */,
				ED4699D52158EBE9008BA35B /* Resources */,
				ED469A102158EBEC008BA35B /* Embed Watch Content */,
			);
			buildRules = (
			);
			dependencies = (
				ED4699EC2158EBEB008BA35B /* PBXTargetDependency */,
			);
			name = PseudoWeb;
			productName = PseudoWeb;
			productReference = ED4699D72158EBE9008BA35B /* PseudoWeb.app */;
			productType = "com.apple.product-type.application";
		};
		ED4699E82158EBEB008BA35B /* PseudoWeb WatchKit App */ = {
			isa = PBXNativeTarget;
			buildConfigurationList = ED469A0D2158EBEC008BA35B /* Build configuration list for PBXNativeTarget "PseudoWeb WatchKit App" */;
			buildPhases = (
				E3FF9C33C72145019C507F4E /* [CP] Check Pods Manifest.lock */,
				ED4699E72158EBEB008BA35B /* Resources */,
				ED469A0C2158EBEC008BA35B /* Embed App Extensions */,
				FA5226877D49B87463FE3C3B /* Frameworks */,
			);
			buildRules = (
			);
			dependencies = (
				ED4699FB2158EBEB008BA35B /* PBXTargetDependency */,
			);
			name = "PseudoWeb WatchKit App";
			productName = "PseudoWeb WatchKit App";
			productReference = ED4699E92158EBEB008BA35B /* PseudoWeb WatchKit App.app */;
			productType = "com.apple.product-type.application.watchapp2";
		};
		ED4699F72158EBEB008BA35B /* PseudoWeb WatchKit Extension */ = {
			isa = PBXNativeTarget;
			buildConfigurationList = ED469A092158EBEC008BA35B /* Build configuration list for PBXNativeTarget "PseudoWeb WatchKit Extension" */;
			buildPhases = (
				00B095D04EBA1DE3D8182A68 /* [CP] Check Pods Manifest.lock */,
				ED4699F42158EBEB008BA35B /* Sources */,
				ED4699F52158EBEB008BA35B /* Frameworks */,
				ED4699F62158EBEB008BA35B /* Resources */,
				EA4D043D4757CB84531FB002 /* [CP] Embed Pods Frameworks */,
			);
			buildRules = (
			);
			dependencies = (
			);
			name = "PseudoWeb WatchKit Extension";
			productName = "PseudoWeb WatchKit Extension";
			productReference = ED4699F82158EBEB008BA35B /* PseudoWeb WatchKit Extension.appex */;
			productType = "com.apple.product-type.watchkit2-extension";
		};
/* End PBXNativeTarget section */

/* Begin PBXProject section */
		ED4699CF2158EBE9008BA35B /* Project object */ = {
			isa = PBXProject;
			attributes = {
				LastSwiftUpdateCheck = 1000;
				LastUpgradeCheck = 1000;
				ORGANIZATIONNAME = "Will Bishop";
				TargetAttributes = {
					ED4699D62158EBE9008BA35B = {
						CreatedOnToolsVersion = 10.0;
					};
					ED4699E82158EBEB008BA35B = {
						CreatedOnToolsVersion = 10.0;
						LastSwiftMigration = 1000;
					};
					ED4699F72158EBEB008BA35B = {
						CreatedOnToolsVersion = 10.0;
					};
				};
			};
			buildConfigurationList = ED4699D22158EBE9008BA35B /* Build configuration list for PBXProject "PseudoWeb" */;
			compatibilityVersion = "Xcode 9.3";
			developmentRegion = en;
			hasScannedForEncodings = 0;
			knownRegions = (
				en,
				Base,
			);
			mainGroup = ED4699CE2158EBE9008BA35B;
			productRefGroup = ED4699D82158EBE9008BA35B /* Products */;
			projectDirPath = "";
			projectRoot = "";
			targets = (
				ED4699D62158EBE9008BA35B /* PseudoWeb */,
				ED4699E82158EBEB008BA35B /* PseudoWeb WatchKit App */,
				ED4699F72158EBEB008BA35B /* PseudoWeb WatchKit Extension */,
			);
		};
/* End PBXProject section */

/* Begin PBXResourcesBuildPhase section */
		ED4699D52158EBE9008BA35B /* Resources */ = {
			isa = PBXResourcesBuildPhase;
			buildActionMask = 2147483647;
			files = (
				ED4699E52158EBEB008BA35B /* LaunchScreen.storyboard in Resources */,
				ED4699E22158EBEB008BA35B /* Assets.xcassets in Resources */,
				ED4699E02158EBE9008BA35B /* Main.storyboard in Resources */,
			);
			runOnlyForDeploymentPostprocessing = 0;
		};
		ED4699E72158EBEB008BA35B /* Resources */ = {
			isa = PBXResourcesBuildPhase;
			buildActionMask = 2147483647;
			files = (
				ED4699F22158EBEB008BA35B /* Assets.xcassets in Resources */,
				ED4699F02158EBEB008BA35B /* Interface.storyboard in Resources */,
			);
			runOnlyForDeploymentPostprocessing = 0;
		};
		ED4699F62158EBEB008BA35B /* Resources */ = {
			isa = PBXResourcesBuildPhase;
			buildActionMask = 2147483647;
			files = (
				ED469A042158EBEC008BA35B /* Assets.xcassets in Resources */,
				EDBFCBE421950F5F00815080 /* TestHtml.html in Resources */,
			);
			runOnlyForDeploymentPostprocessing = 0;
		};
/* End PBXResourcesBuildPhase section */

/* Begin PBXShellScriptBuildPhase section */
		00B095D04EBA1DE3D8182A68 /* [CP] Check Pods Manifest.lock */ = {
			isa = PBXShellScriptBuildPhase;
			buildActionMask = 2147483647;
			files = (
			);
			inputPaths = (
				"${PODS_PODFILE_DIR_PATH}/Podfile.lock",
				"${PODS_ROOT}/Manifest.lock",
			);
			name = "[CP] Check Pods Manifest.lock";
			outputPaths = (
				"$(DERIVED_FILE_DIR)/Pods-PseudoWeb WatchKit Extension-checkManifestLockResult.txt",
			);
			runOnlyForDeploymentPostprocessing = 0;
			shellPath = /bin/sh;
			shellScript = "diff \"${PODS_PODFILE_DIR_PATH}/Podfile.lock\" \"${PODS_ROOT}/Manifest.lock\" > /dev/null\nif [ $? != 0 ] ; then\n    # print error to STDERR\n    echo \"error: The sandbox is not in sync with the Podfile.lock. Run 'pod install' or update your CocoaPods installation.\" >&2\n    exit 1\nfi\n# This output is used by Xcode 'outputs' to avoid re-running this script phase.\necho \"SUCCESS\" > \"${SCRIPT_OUTPUT_FILE_0}\"\n";
			showEnvVarsInLog = 0;
		};
		60606FC047154E928AC5885D /* [CP] Check Pods Manifest.lock */ = {
			isa = PBXShellScriptBuildPhase;
			buildActionMask = 2147483647;
			files = (
			);
			inputPaths = (
				"${PODS_PODFILE_DIR_PATH}/Podfile.lock",
				"${PODS_ROOT}/Manifest.lock",
			);
			name = "[CP] Check Pods Manifest.lock";
			outputPaths = (
				"$(DERIVED_FILE_DIR)/Pods-PseudoWeb-checkManifestLockResult.txt",
			);
			runOnlyForDeploymentPostprocessing = 0;
			shellPath = /bin/sh;
			shellScript = "diff \"${PODS_PODFILE_DIR_PATH}/Podfile.lock\" \"${PODS_ROOT}/Manifest.lock\" > /dev/null\nif [ $? != 0 ] ; then\n    # print error to STDERR\n    echo \"error: The sandbox is not in sync with the Podfile.lock. Run 'pod install' or update your CocoaPods installation.\" >&2\n    exit 1\nfi\n# This output is used by Xcode 'outputs' to avoid re-running this script phase.\necho \"SUCCESS\" > \"${SCRIPT_OUTPUT_FILE_0}\"\n";
			showEnvVarsInLog = 0;
		};
		E3FF9C33C72145019C507F4E /* [CP] Check Pods Manifest.lock */ = {
			isa = PBXShellScriptBuildPhase;
			buildActionMask = 2147483647;
			files = (
			);
			inputPaths = (
				"${PODS_PODFILE_DIR_PATH}/Podfile.lock",
				"${PODS_ROOT}/Manifest.lock",
			);
			name = "[CP] Check Pods Manifest.lock";
			outputPaths = (
				"$(DERIVED_FILE_DIR)/Pods-PseudoWeb WatchKit App-checkManifestLockResult.txt",
			);
			runOnlyForDeploymentPostprocessing = 0;
			shellPath = /bin/sh;
			shellScript = "diff \"${PODS_PODFILE_DIR_PATH}/Podfile.lock\" \"${PODS_ROOT}/Manifest.lock\" > /dev/null\nif [ $? != 0 ] ; then\n    # print error to STDERR\n    echo \"error: The sandbox is not in sync with the Podfile.lock. Run 'pod install' or update your CocoaPods installation.\" >&2\n    exit 1\nfi\n# This output is used by Xcode 'outputs' to avoid re-running this script phase.\necho \"SUCCESS\" > \"${SCRIPT_OUTPUT_FILE_0}\"\n";
			showEnvVarsInLog = 0;
		};
		EA4D043D4757CB84531FB002 /* [CP] Embed Pods Frameworks */ = {
			isa = PBXShellScriptBuildPhase;
			buildActionMask = 2147483647;
			files = (
			);
			inputPaths = (
				"${SRCROOT}/Pods/Target Support Files/Pods-PseudoWeb WatchKit Extension/Pods-PseudoWeb WatchKit Extension-frameworks.sh",
				"${BUILT_PRODUCTS_DIR}/SwiftSoup/SwiftSoup.framework",
			);
			name = "[CP] Embed Pods Frameworks";
			outputPaths = (
				"${TARGET_BUILD_DIR}/${FRAMEWORKS_FOLDER_PATH}/SwiftSoup.framework",
			);
			runOnlyForDeploymentPostprocessing = 0;
			shellPath = /bin/sh;
			shellScript = "\"${SRCROOT}/Pods/Target Support Files/Pods-PseudoWeb WatchKit Extension/Pods-PseudoWeb WatchKit Extension-frameworks.sh\"\n";
			showEnvVarsInLog = 0;
		};
/* End PBXShellScriptBuildPhase section */

/* Begin PBXSourcesBuildPhase section */
		ED4699D32158EBE9008BA35B /* Sources */ = {
			isa = PBXSourcesBuildPhase;
			buildActionMask = 2147483647;
			files = (
				ED4699DD2158EBE9008BA35B /* ViewController.swift in Sources */,
				ED4699DB2158EBE9008BA35B /* AppDelegate.swift in Sources */,
			);
			runOnlyForDeploymentPostprocessing = 0;
		};
		ED4699F42158EBEB008BA35B /* Sources */ = {
			isa = PBXSourcesBuildPhase;
			buildActionMask = 2147483647;
			files = (
				ED710B0B2193B0910095B601 /* ElementType.swift in Sources */,
				ED710B112193B0B40095B601 /* ElementObject.swift in Sources */,
				ED710B0D2193B09F0095B601 /* Image.swift in Sources */,
				EDB91CF32158F43000967A10 /* TextCell.swift in Sources */,
				ED469A022158EBEB008BA35B /* NotificationController.swift in Sources */,
				EDB91CF22158F42D00967A10 /* ImageCell.swift in Sources */,
				ED07EB5221905AB20057800A /* inputController.swift in Sources */,
				ED469A002158EBEB008BA35B /* ExtensionDelegate.swift in Sources */,
				ED710B152193B19F0095B601 /* Text.swift in Sources */,
				ED4699FE2158EBEB008BA35B /* InterfaceController.swift in Sources */,
				ED5CAD0A21590F5B00F9AA46 /* LinkCell.swift in Sources */,
				ED710B0F2193B0A90095B601 /* Link.swift in Sources */,
			);
			runOnlyForDeploymentPostprocessing = 0;
		};
/* End PBXSourcesBuildPhase section */

/* Begin PBXTargetDependency section */
		ED4699EC2158EBEB008BA35B /* PBXTargetDependency */ = {
			isa = PBXTargetDependency;
			target = ED4699E82158EBEB008BA35B /* PseudoWeb WatchKit App */;
			targetProxy = ED4699EB2158EBEB008BA35B /* PBXContainerItemProxy */;
		};
		ED4699FB2158EBEB008BA35B /* PBXTargetDependency */ = {
			isa = PBXTargetDependency;
			target = ED4699F72158EBEB008BA35B /* PseudoWeb WatchKit Extension */;
			targetProxy = ED4699FA2158EBEB008BA35B /* PBXContainerItemProxy */;
		};
/* End PBXTargetDependency section */

/* Begin PBXVariantGroup section */
		ED4699DE2158EBE9008BA35B /* Main.storyboard */ = {
			isa = PBXVariantGroup;
			children = (
				ED4699DF2158EBE9008BA35B /* Base */,
			);
			name = Main.storyboard;
			sourceTree = "<group>";
		};
		ED4699E32158EBEB008BA35B /* LaunchScreen.storyboard */ = {
			isa = PBXVariantGroup;
			children = (
				ED4699E42158EBEB008BA35B /* Base */,
			);
			name = LaunchScreen.storyboard;
			sourceTree = "<group>";
		};
		ED4699EE2158EBEB008BA35B /* Interface.storyboard */ = {
			isa = PBXVariantGroup;
			children = (
				ED4699EF2158EBEB008BA35B /* Base */,
			);
			name = Interface.storyboard;
			sourceTree = "<group>";
		};
/* End PBXVariantGroup section */

/* Begin XCBuildConfiguration section */
		ED469A072158EBEC008BA35B /* Debug */ = {
			isa = XCBuildConfiguration;
			buildSettings = {
				ALWAYS_SEARCH_USER_PATHS = NO;
				CLANG_ANALYZER_NONNULL = YES;
				CLANG_ANALYZER_NUMBER_OBJECT_CONVERSION = YES_AGGRESSIVE;
				CLANG_CXX_LANGUAGE_STANDARD = "gnu++14";
				CLANG_CXX_LIBRARY = "libc++";
				CLANG_ENABLE_MODULES = YES;
				CLANG_ENABLE_OBJC_ARC = YES;
				CLANG_ENABLE_OBJC_WEAK = YES;
				CLANG_WARN_BLOCK_CAPTURE_AUTORELEASING = YES;
				CLANG_WARN_BOOL_CONVERSION = YES;
				CLANG_WARN_COMMA = YES;
				CLANG_WARN_CONSTANT_CONVERSION = YES;
				CLANG_WARN_DEPRECATED_OBJC_IMPLEMENTATIONS = YES;
				CLANG_WARN_DIRECT_OBJC_ISA_USAGE = YES_ERROR;
				CLANG_WARN_DOCUMENTATION_COMMENTS = YES;
				CLANG_WARN_EMPTY_BODY = YES;
				CLANG_WARN_ENUM_CONVERSION = YES;
				CLANG_WARN_INFINITE_RECURSION = YES;
				CLANG_WARN_INT_CONVERSION = YES;
				CLANG_WARN_NON_LITERAL_NULL_CONVERSION = YES;
				CLANG_WARN_OBJC_IMPLICIT_RETAIN_SELF = YES;
				CLANG_WARN_OBJC_LITERAL_CONVERSION = YES;
				CLANG_WARN_OBJC_ROOT_CLASS = YES_ERROR;
				CLANG_WARN_RANGE_LOOP_ANALYSIS = YES;
				CLANG_WARN_STRICT_PROTOTYPES = YES;
				CLANG_WARN_SUSPICIOUS_MOVE = YES;
				CLANG_WARN_UNGUARDED_AVAILABILITY = YES_AGGRESSIVE;
				CLANG_WARN_UNREACHABLE_CODE = YES;
				CLANG_WARN__DUPLICATE_METHOD_MATCH = YES;
				CODE_SIGN_IDENTITY = "iPhone Developer";
				COPY_PHASE_STRIP = NO;
				DEBUG_INFORMATION_FORMAT = dwarf;
				ENABLE_STRICT_OBJC_MSGSEND = YES;
				ENABLE_TESTABILITY = YES;
				GCC_C_LANGUAGE_STANDARD = gnu11;
				GCC_DYNAMIC_NO_PIC = NO;
				GCC_NO_COMMON_BLOCKS = YES;
				GCC_OPTIMIZATION_LEVEL = 0;
				GCC_PREPROCESSOR_DEFINITIONS = (
					"DEBUG=1",
					"$(inherited)",
				);
				GCC_WARN_64_TO_32_BIT_CONVERSION = YES;
				GCC_WARN_ABOUT_RETURN_TYPE = YES_ERROR;
				GCC_WARN_UNDECLARED_SELECTOR = YES;
				GCC_WARN_UNINITIALIZED_AUTOS = YES_AGGRESSIVE;
				GCC_WARN_UNUSED_FUNCTION = YES;
				GCC_WARN_UNUSED_VARIABLE = YES;
				IPHONEOS_DEPLOYMENT_TARGET = 12.0;
				MTL_ENABLE_DEBUG_INFO = INCLUDE_SOURCE;
				MTL_FAST_MATH = YES;
				ONLY_ACTIVE_ARCH = YES;
				SDKROOT = iphoneos;
				SWIFT_ACTIVE_COMPILATION_CONDITIONS = DEBUG;
				SWIFT_OPTIMIZATION_LEVEL = "-Onone";
			};
			name = Debug;
		};
		ED469A082158EBEC008BA35B /* Release */ = {
			isa = XCBuildConfiguration;
			buildSettings = {
				ALWAYS_SEARCH_USER_PATHS = NO;
				CLANG_ANALYZER_NONNULL = YES;
				CLANG_ANALYZER_NUMBER_OBJECT_CONVERSION = YES_AGGRESSIVE;
				CLANG_CXX_LANGUAGE_STANDARD = "gnu++14";
				CLANG_CXX_LIBRARY = "libc++";
				CLANG_ENABLE_MODULES = YES;
				CLANG_ENABLE_OBJC_ARC = YES;
				CLANG_ENABLE_OBJC_WEAK = YES;
				CLANG_WARN_BLOCK_CAPTURE_AUTORELEASING = YES;
				CLANG_WARN_BOOL_CONVERSION = YES;
				CLANG_WARN_COMMA = YES;
				CLANG_WARN_CONSTANT_CONVERSION = YES;
				CLANG_WARN_DEPRECATED_OBJC_IMPLEMENTATIONS = YES;
				CLANG_WARN_DIRECT_OBJC_ISA_USAGE = YES_ERROR;
				CLANG_WARN_DOCUMENTATION_COMMENTS = YES;
				CLANG_WARN_EMPTY_BODY = YES;
				CLANG_WARN_ENUM_CONVERSION = YES;
				CLANG_WARN_INFINITE_RECURSION = YES;
				CLANG_WARN_INT_CONVERSION = YES;
				CLANG_WARN_NON_LITERAL_NULL_CONVERSION = YES;
				CLANG_WARN_OBJC_IMPLICIT_RETAIN_SELF = YES;
				CLANG_WARN_OBJC_LITERAL_CONVERSION = YES;
				CLANG_WARN_OBJC_ROOT_CLASS = YES_ERROR;
				CLANG_WARN_RANGE_LOOP_ANALYSIS = YES;
				CLANG_WARN_STRICT_PROTOTYPES = YES;
				CLANG_WARN_SUSPICIOUS_MOVE = YES;
				CLANG_WARN_UNGUARDED_AVAILABILITY = YES_AGGRESSIVE;
				CLANG_WARN_UNREACHABLE_CODE = YES;
				CLANG_WARN__DUPLICATE_METHOD_MATCH = YES;
				CODE_SIGN_IDENTITY = "iPhone Developer";
				COPY_PHASE_STRIP = NO;
				DEBUG_INFORMATION_FORMAT = "dwarf-with-dsym";
				ENABLE_NS_ASSERTIONS = NO;
				ENABLE_STRICT_OBJC_MSGSEND = YES;
				GCC_C_LANGUAGE_STANDARD = gnu11;
				GCC_NO_COMMON_BLOCKS = YES;
				GCC_WARN_64_TO_32_BIT_CONVERSION = YES;
				GCC_WARN_ABOUT_RETURN_TYPE = YES_ERROR;
				GCC_WARN_UNDECLARED_SELECTOR = YES;
				GCC_WARN_UNINITIALIZED_AUTOS = YES_AGGRESSIVE;
				GCC_WARN_UNUSED_FUNCTION = YES;
				GCC_WARN_UNUSED_VARIABLE = YES;
				IPHONEOS_DEPLOYMENT_TARGET = 12.0;
				MTL_ENABLE_DEBUG_INFO = NO;
				MTL_FAST_MATH = YES;
				SDKROOT = iphoneos;
				SWIFT_COMPILATION_MODE = wholemodule;
				SWIFT_OPTIMIZATION_LEVEL = "-O";
				VALIDATE_PRODUCT = YES;
			};
			name = Release;
		};
		ED469A0A2158EBEC008BA35B /* Debug */ = {
			isa = XCBuildConfiguration;
			baseConfigurationReference = FC677E284558EA70BECD325E /* Pods-PseudoWeb WatchKit Extension.debug.xcconfig */;
			buildSettings = {
				ASSETCATALOG_COMPILER_COMPLICATION_NAME = Complication;
				CODE_SIGN_STYLE = Automatic;
				DEVELOPMENT_TEAM = D8D2NQ6572;
				INFOPLIST_FILE = "PseudoWeb WatchKit Extension/Info.plist";
				LD_RUNPATH_SEARCH_PATHS = (
					"$(inherited)",
					"@executable_path/Frameworks",
					"@executable_path/../../Frameworks",
				);
				PRODUCT_BUNDLE_IDENTIFIER = com.willbishop.PseudoWeb.watchkitapp.watchkitextension;
				PRODUCT_NAME = "${TARGET_NAME}";
				SDKROOT = watchos;
				SKIP_INSTALL = YES;
				SWIFT_VERSION = 4.2;
				TARGETED_DEVICE_FAMILY = 4;
				WATCHOS_DEPLOYMENT_TARGET = 5.0;
			};
			name = Debug;
		};
		ED469A0B2158EBEC008BA35B /* Release */ = {
			isa = XCBuildConfiguration;
			baseConfigurationReference = 969ED7FAB69C4A5F7D3FDBD7 /* Pods-PseudoWeb WatchKit Extension.release.xcconfig */;
			buildSettings = {
				ASSETCATALOG_COMPILER_COMPLICATION_NAME = Complication;
				CODE_SIGN_STYLE = Automatic;
				DEVELOPMENT_TEAM = D8D2NQ6572;
				INFOPLIST_FILE = "PseudoWeb WatchKit Extension/Info.plist";
				LD_RUNPATH_SEARCH_PATHS = (
					"$(inherited)",
					"@executable_path/Frameworks",
					"@executable_path/../../Frameworks",
				);
				PRODUCT_BUNDLE_IDENTIFIER = com.willbishop.PseudoWeb.watchkitapp.watchkitextension;
				PRODUCT_NAME = "${TARGET_NAME}";
				SDKROOT = watchos;
				SKIP_INSTALL = YES;
				SWIFT_VERSION = 4.2;
				TARGETED_DEVICE_FAMILY = 4;
				WATCHOS_DEPLOYMENT_TARGET = 5.0;
			};
			name = Release;
		};
		ED469A0E2158EBEC008BA35B /* Debug */ = {
			isa = XCBuildConfiguration;
			baseConfigurationReference = 8DD72FD139F6AE00C9183F5C /* Pods-PseudoWeb WatchKit App.debug.xcconfig */;
			buildSettings = {
				ALWAYS_EMBED_SWIFT_STANDARD_LIBRARIES = YES;
				ASSETCATALOG_COMPILER_APPICON_NAME = AppIcon;
				CLANG_ENABLE_MODULES = YES;
				CODE_SIGN_STYLE = Automatic;
				DEVELOPMENT_TEAM = D8D2NQ6572;
				IBSC_MODULE = PseudoWeb_WatchKit_Extension;
				INFOPLIST_FILE = "PseudoWeb WatchKit App/Info.plist";
				LD_RUNPATH_SEARCH_PATHS = (
					"$(inherited)",
					"@executable_path/../Frameworks",
					"@loader_path/../Frameworks",
				);
				PRODUCT_BUNDLE_IDENTIFIER = com.willbishop.PseudoWeb.watchkitapp;
				PRODUCT_NAME = "$(TARGET_NAME)";
				SDKROOT = watchos;
				SKIP_INSTALL = YES;
				SWIFT_OPTIMIZATION_LEVEL = "-Onone";
				SWIFT_VERSION = 4.2;
				TARGETED_DEVICE_FAMILY = 4;
				WATCHOS_DEPLOYMENT_TARGET = 5.0;
			};
			name = Debug;
		};
		ED469A0F2158EBEC008BA35B /* Release */ = {
			isa = XCBuildConfiguration;
			baseConfigurationReference = D3B6640C32BD3D8578B41E45 /* Pods-PseudoWeb WatchKit App.release.xcconfig */;
			buildSettings = {
				ALWAYS_EMBED_SWIFT_STANDARD_LIBRARIES = YES;
				ASSETCATALOG_COMPILER_APPICON_NAME = AppIcon;
				CLANG_ENABLE_MODULES = YES;
				CODE_SIGN_STYLE = Automatic;
				DEVELOPMENT_TEAM = D8D2NQ6572;
				IBSC_MODULE = PseudoWeb_WatchKit_Extension;
				INFOPLIST_FILE = "PseudoWeb WatchKit App/Info.plist";
				LD_RUNPATH_SEARCH_PATHS = (
					"$(inherited)",
					"@executable_path/../Frameworks",
					"@loader_path/../Frameworks",
				);
				PRODUCT_BUNDLE_IDENTIFIER = com.willbishop.PseudoWeb.watchkitapp;
				PRODUCT_NAME = "$(TARGET_NAME)";
				SDKROOT = watchos;
				SKIP_INSTALL = YES;
				SWIFT_VERSION = 4.2;
				TARGETED_DEVICE_FAMILY = 4;
				WATCHOS_DEPLOYMENT_TARGET = 5.0;
			};
			name = Release;
		};
		ED469A122158EBEC008BA35B /* Debug */ = {
			isa = XCBuildConfiguration;
			baseConfigurationReference = 04F9DD21ABDA06D43659707C /* Pods-PseudoWeb.debug.xcconfig */;
			buildSettings = {
				ASSETCATALOG_COMPILER_APPICON_NAME = AppIcon;
				CODE_SIGN_STYLE = Automatic;
				DEVELOPMENT_TEAM = D8D2NQ6572;
				INFOPLIST_FILE = PseudoWeb/Info.plist;
				LD_RUNPATH_SEARCH_PATHS = (
					"$(inherited)",
					"@executable_path/Frameworks",
				);
				PRODUCT_BUNDLE_IDENTIFIER = com.willbishop.PseudoWeb;
				PRODUCT_NAME = "$(TARGET_NAME)";
				SWIFT_VERSION = 4.2;
				TARGETED_DEVICE_FAMILY = "1,2";
			};
			name = Debug;
		};
		ED469A132158EBEC008BA35B /* Release */ = {
			isa = XCBuildConfiguration;
			baseConfigurationReference = E28E7592959C10AFD89FA491 /* Pods-PseudoWeb.release.xcconfig */;
			buildSettings = {
				ASSETCATALOG_COMPILER_APPICON_NAME = AppIcon;
				CODE_SIGN_STYLE = Automatic;
				DEVELOPMENT_TEAM = D8D2NQ6572;
				INFOPLIST_FILE = PseudoWeb/Info.plist;
				LD_RUNPATH_SEARCH_PATHS = (
					"$(inherited)",
					"@executable_path/Frameworks",
				);
				PRODUCT_BUNDLE_IDENTIFIER = com.willbishop.PseudoWeb;
				PRODUCT_NAME = "$(TARGET_NAME)";
				SWIFT_VERSION = 4.2;
				TARGETED_DEVICE_FAMILY = "1,2";
			};
			name = Release;
		};
/* End XCBuildConfiguration section */

/* Begin XCConfigurationList section */
		ED4699D22158EBE9008BA35B /* Build configuration list for PBXProject "PseudoWeb" */ = {
			isa = XCConfigurationList;
			buildConfigurations = (
				ED469A072158EBEC008BA35B /* Debug */,
				ED469A082158EBEC008BA35B /* Release */,
			);
			defaultConfigurationIsVisible = 0;
			defaultConfigurationName = Release;
		};
		ED469A092158EBEC008BA35B /* Build configuration list for PBXNativeTarget "PseudoWeb WatchKit Extension" */ = {
			isa = XCConfigurationList;
			buildConfigurations = (
				ED469A0A2158EBEC008BA35B /* Debug */,
				ED469A0B2158EBEC008BA35B /* Release */,
			);
			defaultConfigurationIsVisible = 0;
			defaultConfigurationName = Release;
		};
		ED469A0D2158EBEC008BA35B /* Build configuration list for PBXNativeTarget "PseudoWeb WatchKit App" */ = {
			isa = XCConfigurationList;
			buildConfigurations = (
				ED469A0E2158EBEC008BA35B /* Debug */,
				ED469A0F2158EBEC008BA35B /* Release */,
			);
			defaultConfigurationIsVisible = 0;
			defaultConfigurationName = Release;
		};
		ED469A112158EBEC008BA35B /* Build configuration list for PBXNativeTarget "PseudoWeb" */ = {
			isa = XCConfigurationList;
			buildConfigurations = (
				ED469A122158EBEC008BA35B /* Debug */,
				ED469A132158EBEC008BA35B /* Release */,
			);
			defaultConfigurationIsVisible = 0;
			defaultConfigurationName = Release;
		};
/* End XCConfigurationList section */
	};
	rootObject = ED4699CF2158EBE9008BA35B /* Project object */;
}
